
Microsoft Visual Studio Solution File, Format Version 12.00
# Visual Studio Version 16
VisualStudioVersion = 16.0.29609.76
MinimumVisualStudioVersion = 10.0.40219.1
Project("{FAE04EC0-301F-11D3-BF4B-00C04F79EFBC}") = "AvaliacaoDiagnostica", "AvaliacaoDiagnostica\AvaliacaoDiagnostica.csproj", "{127DCDF3-E43F-4E8D-8704-6392544B1E17}"
EndProject
Global
	GlobalSection(SolutionConfigurationPlatforms) = preSolution
		Debug|Any CPU = Debug|Any CPU
		Release|Any CPU = Release|Any CPU
	EndGlobalSection
	GlobalSection(ProjectConfigurationPlatforms) = postSolution
		{127DCDF3-E43F-4E8D-8704-6392544B1E17}.Debug|Any CPU.ActiveCfg = Debug|Any CPU
		{127DCDF3-E43F-4E8D-8704-6392544B1E17}.Debug|Any CPU.Build.0 = Debug|Any CPU
		{127DCDF3-E43F-4E8D-8704-6392544B1E17}.Release|Any CPU.ActiveCfg = Release|Any CPU
		{127DCDF3-E43F-4E8D-8704-6392544B1E17}.Release|Any CPU.Build.0 = Release|Any CPU
	EndGlobalSection
	GlobalSection(SolutionProperties) = preSolution
		HideSolutionNode = FALSE
	EndGlobalSection
	GlobalSection(ExtensibilityGlobals) = postSolution
		SolutionGuid = {17D21B72-AEEB-4D02-8E97-0E571C64C2F1}
	EndGlobalSection
EndGlobal
